
Microsoft Visual Studio Solution File, Format Version 12.00
# Visual Studio Version 17
VisualStudioVersion = 17.14.36414.22
MinimumVisualStudioVersion = 10.0.40219.1
Project("{FAE04EC0-301F-11D3-BF4B-00C04F79EFBC}") = "FoodServerClient", "FoodServerClient.csproj", "{18B149EF-B542-458C-B057-840EAA577160}"
EndProject
Project("{FAE04EC0-301F-11D3-BF4B-00C04F79EFBC}") = "SmsConsoleApp", "..\SmsConsoleApp\SmsConsoleApp.csproj", "{68113A87-F791-4CF7-B20C-E52151BECAF4}"
EndProject
Project("{FAE04EC0-301F-11D3-BF4B-00C04F79EFBC}") = "SmsWpfApp", "..\SmsWpfApp\SmsWpfApp.csproj", "{07A9BE02-6CB5-4F79-A409-AFF8973CBC72}"
EndProject
Global
	GlobalSection(SolutionConfigurationPlatforms) = preSolution
		Debug|Any CPU = Debug|Any CPU
		Release|Any CPU = Release|Any CPU
	EndGlobalSection
	GlobalSection(ProjectConfigurationPlatforms) = postSolution
		{18B149EF-B542-458C-B057-840EAA577160}.Debug|Any CPU.ActiveCfg = Debug|Any CPU
		{18B149EF-B542-458C-B057-840EAA577160}.Debug|Any CPU.Build.0 = Debug|Any CPU
		{18B149EF-B542-458C-B057-840EAA577160}.Release|Any CPU.ActiveCfg = Release|Any CPU
		{18B149EF-B542-458C-B057-840EAA577160}.Release|Any CPU.Build.0 = Release|Any CPU
		{68113A87-F791-4CF7-B20C-E52151BECAF4}.Debug|Any CPU.ActiveCfg = Debug|Any CPU
		{68113A87-F791-4CF7-B20C-E52151BECAF4}.Debug|Any CPU.Build.0 = Debug|Any CPU
		{68113A87-F791-4CF7-B20C-E52151BECAF4}.Release|Any CPU.ActiveCfg = Release|Any CPU
		{68113A87-F791-4CF7-B20C-E52151BECAF4}.Release|Any CPU.Build.0 = Release|Any CPU
		{07A9BE02-6CB5-4F79-A409-AFF8973CBC72}.Debug|Any CPU.ActiveCfg = Debug|Any CPU
		{07A9BE02-6CB5-4F79-A409-AFF8973CBC72}.Debug|Any CPU.Build.0 = Debug|Any CPU
		{07A9BE02-6CB5-4F79-A409-AFF8973CBC72}.Release|Any CPU.ActiveCfg = Release|Any CPU
		{07A9BE02-6CB5-4F79-A409-AFF8973CBC72}.Release|Any CPU.Build.0 = Release|Any CPU
	EndGlobalSection
	GlobalSection(SolutionProperties) = preSolution
		HideSolutionNode = FALSE
	EndGlobalSection
	GlobalSection(ExtensibilityGlobals) = postSolution
		SolutionGuid = {0A1072D7-D44E-4A91-9800-3BFEBD63CD89}
	EndGlobalSection
EndGlobal
